
Microsoft Visual Studio Solution File, Format Version 12.00
# Visual Studio Version 17
VisualStudioVersion = 17.9.34714.143
MinimumVisualStudioVersion = 10.0.40219.1
Project("{FAE04EC0-301F-11D3-BF4B-00C04F79EFBC}") = "Extension", "Extension\Extension.csproj", "{BE0A8C9B-AC9C-44B6-9211-4726989D8DF3}"
EndProject
Global
	GlobalSection(SolutionConfigurationPlatforms) = preSolution
		Debug|Any CPU = Debug|Any CPU
		Release|Any CPU = Release|Any CPU
	EndGlobalSection
	GlobalSection(ProjectConfigurationPlatforms) = postSolution
		{BE0A8C9B-AC9C-44B6-9211-4726989D8DF3}.Debug|Any CPU.ActiveCfg = Debug|Any CPU
		{BE0A8C9B-AC9C-44B6-9211-4726989D8DF3}.Debug|Any CPU.Build.0 = Debug|Any CPU
		{BE0A8C9B-AC9C-44B6-9211-4726989D8DF3}.Release|Any CPU.ActiveCfg = Release|Any CPU
		{BE0A8C9B-AC9C-44B6-9211-4726989D8DF3}.Release|Any CPU.Build.0 = Release|Any CPU
	EndGlobalSection
	GlobalSection(SolutionProperties) = preSolution
		HideSolutionNode = FALSE
	EndGlobalSection
	GlobalSection(ExtensibilityGlobals) = postSolution
		SolutionGuid = {5C49ADB6-D4E5-4373-A48E-34DAFB99CBC3}
	EndGlobalSection
EndGlobal
