
Microsoft Visual Studio Solution File, Format Version 12.00
# Visual Studio Version 17
VisualStudioVersion = 17.9.34714.143
MinimumVisualStudioVersion = 10.0.40219.1
Project("{FAE04EC0-301F-11D3-BF4B-00C04F79EFBC}") = "ArrayObjects", "ArrayObjects\ArrayObjects.csproj", "{D4C5E3B4-97E8-4F59-88AB-EB6EA05BECC1}"
EndProject
Global
	GlobalSection(SolutionConfigurationPlatforms) = preSolution
		Debug|Any CPU = Debug|Any CPU
		Release|Any CPU = Release|Any CPU
	EndGlobalSection
	GlobalSection(ProjectConfigurationPlatforms) = postSolution
		{D4C5E3B4-97E8-4F59-88AB-EB6EA05BECC1}.Debug|Any CPU.ActiveCfg = Debug|Any CPU
		{D4C5E3B4-97E8-4F59-88AB-EB6EA05BECC1}.Debug|Any CPU.Build.0 = Debug|Any CPU
		{D4C5E3B4-97E8-4F59-88AB-EB6EA05BECC1}.Release|Any CPU.ActiveCfg = Release|Any CPU
		{D4C5E3B4-97E8-4F59-88AB-EB6EA05BECC1}.Release|Any CPU.Build.0 = Release|Any CPU
	EndGlobalSection
	GlobalSection(SolutionProperties) = preSolution
		HideSolutionNode = FALSE
	EndGlobalSection
	GlobalSection(ExtensibilityGlobals) = postSolution
		SolutionGuid = {CF0BECD8-D8E9-49BF-9A6E-5E67E8A3E209}
	EndGlobalSection
EndGlobal
