
Microsoft Visual Studio Solution File, Format Version 12.00
# Visual Studio Version 17
VisualStudioVersion = 17.9.34714.143
MinimumVisualStudioVersion = 10.0.40219.1
Project("{FAE04EC0-301F-11D3-BF4B-00C04F79EFBC}") = "PG", "PG\PG.csproj", "{A6CA13EE-AEE4-48BB-B508-DCEAD11B8A5F}"
EndProject
Global
	GlobalSection(SolutionConfigurationPlatforms) = preSolution
		Debug|Any CPU = Debug|Any CPU
		Release|Any CPU = Release|Any CPU
	EndGlobalSection
	GlobalSection(ProjectConfigurationPlatforms) = postSolution
		{A6CA13EE-AEE4-48BB-B508-DCEAD11B8A5F}.Debug|Any CPU.ActiveCfg = Debug|Any CPU
		{A6CA13EE-AEE4-48BB-B508-DCEAD11B8A5F}.Debug|Any CPU.Build.0 = Debug|Any CPU
		{A6CA13EE-AEE4-48BB-B508-DCEAD11B8A5F}.Release|Any CPU.ActiveCfg = Release|Any CPU
		{A6CA13EE-AEE4-48BB-B508-DCEAD11B8A5F}.Release|Any CPU.Build.0 = Release|Any CPU
	EndGlobalSection
	GlobalSection(SolutionProperties) = preSolution
		HideSolutionNode = FALSE
	EndGlobalSection
	GlobalSection(ExtensibilityGlobals) = postSolution
		SolutionGuid = {08384853-ACB2-463F-A6F9-15491F44A2FC}
	EndGlobalSection
EndGlobal
