
Microsoft Visual Studio Solution File, Format Version 12.00
# Visual Studio Version 17
VisualStudioVersion = 17.9.34714.143
MinimumVisualStudioVersion = 10.0.40219.1
Project("{FAE04EC0-301F-11D3-BF4B-00C04F79EFBC}") = "methods", "methods\methods.csproj", "{F000C813-8FEB-474F-80D3-D6FA211BDDD0}"
EndProject
Project("{FAE04EC0-301F-11D3-BF4B-00C04F79EFBC}") = "class", "class\class.csproj", "{44192F61-CE52-4289-96FA-54BD66626C7E}"
EndProject
Project("{FAE04EC0-301F-11D3-BF4B-00C04F79EFBC}") = "medical bot", "medical bot\medical bot.csproj", "{F9F358ED-90E3-43AC-B4E8-3EB6C44B5FF4}"
EndProject
Global
	GlobalSection(SolutionConfigurationPlatforms) = preSolution
		Debug|Any CPU = Debug|Any CPU
		Release|Any CPU = Release|Any CPU
	EndGlobalSection
	GlobalSection(ProjectConfigurationPlatforms) = postSolution
		{F000C813-8FEB-474F-80D3-D6FA211BDDD0}.Debug|Any CPU.ActiveCfg = Debug|Any CPU
		{F000C813-8FEB-474F-80D3-D6FA211BDDD0}.Debug|Any CPU.Build.0 = Debug|Any CPU
		{F000C813-8FEB-474F-80D3-D6FA211BDDD0}.Release|Any CPU.ActiveCfg = Release|Any CPU
		{F000C813-8FEB-474F-80D3-D6FA211BDDD0}.Release|Any CPU.Build.0 = Release|Any CPU
		{44192F61-CE52-4289-96FA-54BD66626C7E}.Debug|Any CPU.ActiveCfg = Debug|Any CPU
		{44192F61-CE52-4289-96FA-54BD66626C7E}.Debug|Any CPU.Build.0 = Debug|Any CPU
		{44192F61-CE52-4289-96FA-54BD66626C7E}.Release|Any CPU.ActiveCfg = Release|Any CPU
		{44192F61-CE52-4289-96FA-54BD66626C7E}.Release|Any CPU.Build.0 = Release|Any CPU
		{F9F358ED-90E3-43AC-B4E8-3EB6C44B5FF4}.Debug|Any CPU.ActiveCfg = Debug|Any CPU
		{F9F358ED-90E3-43AC-B4E8-3EB6C44B5FF4}.Debug|Any CPU.Build.0 = Debug|Any CPU
		{F9F358ED-90E3-43AC-B4E8-3EB6C44B5FF4}.Release|Any CPU.ActiveCfg = Release|Any CPU
		{F9F358ED-90E3-43AC-B4E8-3EB6C44B5FF4}.Release|Any CPU.Build.0 = Release|Any CPU
	EndGlobalSection
	GlobalSection(SolutionProperties) = preSolution
		HideSolutionNode = FALSE
	EndGlobalSection
	GlobalSection(ExtensibilityGlobals) = postSolution
		SolutionGuid = {0D157458-6E1E-458F-AF5B-6D8F5F3E4667}
	EndGlobalSection
EndGlobal
