
Microsoft Visual Studio Solution File, Format Version 12.00
# Visual Studio Version 17
VisualStudioVersion = 17.9.34714.143
MinimumVisualStudioVersion = 10.0.40219.1
Project("{FAE04EC0-301F-11D3-BF4B-00C04F79EFBC}") = "string_assignment", "string_assignment\string_assignment.csproj", "{F68AE6AD-609E-4F00-BFAF-9BBD0AEE0AF5}"
EndProject
Global
	GlobalSection(SolutionConfigurationPlatforms) = preSolution
		Debug|Any CPU = Debug|Any CPU
		Release|Any CPU = Release|Any CPU
	EndGlobalSection
	GlobalSection(ProjectConfigurationPlatforms) = postSolution
		{F68AE6AD-609E-4F00-BFAF-9BBD0AEE0AF5}.Debug|Any CPU.ActiveCfg = Debug|Any CPU
		{F68AE6AD-609E-4F00-BFAF-9BBD0AEE0AF5}.Debug|Any CPU.Build.0 = Debug|Any CPU
		{F68AE6AD-609E-4F00-BFAF-9BBD0AEE0AF5}.Release|Any CPU.ActiveCfg = Release|Any CPU
		{F68AE6AD-609E-4F00-BFAF-9BBD0AEE0AF5}.Release|Any CPU.Build.0 = Release|Any CPU
	EndGlobalSection
	GlobalSection(SolutionProperties) = preSolution
		HideSolutionNode = FALSE
	EndGlobalSection
	GlobalSection(ExtensibilityGlobals) = postSolution
		SolutionGuid = {2EB39824-5833-484C-B980-9E6CB51E1BF1}
	EndGlobalSection
EndGlobal
