
Microsoft Visual Studio Solution File, Format Version 12.00
# Visual Studio Version 17
VisualStudioVersion = 17.9.34714.143
MinimumVisualStudioVersion = 10.0.40219.1
Project("{FAE04EC0-301F-11D3-BF4B-00C04F79EFBC}") = "CRAVENEST", "WebApplication1\CRAVENEST.csproj", "{188B34C8-83DD-4B7E-860A-E740C3950A11}"
EndProject
Global
	GlobalSection(SolutionConfigurationPlatforms) = preSolution
		Debug|Any CPU = Debug|Any CPU
		Release|Any CPU = Release|Any CPU
	EndGlobalSection
	GlobalSection(ProjectConfigurationPlatforms) = postSolution
		{188B34C8-83DD-4B7E-860A-E740C3950A11}.Debug|Any CPU.ActiveCfg = Debug|Any CPU
		{188B34C8-83DD-4B7E-860A-E740C3950A11}.Debug|Any CPU.Build.0 = Debug|Any CPU
		{188B34C8-83DD-4B7E-860A-E740C3950A11}.Release|Any CPU.ActiveCfg = Release|Any CPU
		{188B34C8-83DD-4B7E-860A-E740C3950A11}.Release|Any CPU.Build.0 = Release|Any CPU
	EndGlobalSection
	GlobalSection(SolutionProperties) = preSolution
		HideSolutionNode = FALSE
	EndGlobalSection
	GlobalSection(ExtensibilityGlobals) = postSolution
		SolutionGuid = {3119B85F-5842-4955-8F11-8731D9D2E5F5}
	EndGlobalSection
EndGlobal
