
Microsoft Visual Studio Solution File, Format Version 12.00
# Visual Studio Version 17
VisualStudioVersion = 17.9.34714.143
MinimumVisualStudioVersion = 10.0.40219.1
Project("{FAE04EC0-301F-11D3-BF4B-00C04F79EFBC}") = "Inheritance", "Inheritance\Inheritance.csproj", "{AD165E6D-3CC1-49AB-ABEA-011C334EB909}"
EndProject
Global
	GlobalSection(SolutionConfigurationPlatforms) = preSolution
		Debug|Any CPU = Debug|Any CPU
		Release|Any CPU = Release|Any CPU
	EndGlobalSection
	GlobalSection(ProjectConfigurationPlatforms) = postSolution
		{AD165E6D-3CC1-49AB-ABEA-011C334EB909}.Debug|Any CPU.ActiveCfg = Debug|Any CPU
		{AD165E6D-3CC1-49AB-ABEA-011C334EB909}.Debug|Any CPU.Build.0 = Debug|Any CPU
		{AD165E6D-3CC1-49AB-ABEA-011C334EB909}.Release|Any CPU.ActiveCfg = Release|Any CPU
		{AD165E6D-3CC1-49AB-ABEA-011C334EB909}.Release|Any CPU.Build.0 = Release|Any CPU
	EndGlobalSection
	GlobalSection(SolutionProperties) = preSolution
		HideSolutionNode = FALSE
	EndGlobalSection
	GlobalSection(ExtensibilityGlobals) = postSolution
		SolutionGuid = {78B7EAEF-98E3-4BA9-9531-F4679AE947BF}
	EndGlobalSection
EndGlobal
