
Microsoft Visual Studio Solution File, Format Version 12.00
# Visual Studio Version 17
VisualStudioVersion = 17.9.34714.143
MinimumVisualStudioVersion = 10.0.40219.1
Project("{FAE04EC0-301F-11D3-BF4B-00C04F79EFBC}") = "binaryserialzation", "binaryserialzation\binaryserialzation.csproj", "{CDB8ABC4-EE3C-4C98-9EC4-0CC14ACC9EED}"
EndProject
Global
	GlobalSection(SolutionConfigurationPlatforms) = preSolution
		Debug|Any CPU = Debug|Any CPU
		Release|Any CPU = Release|Any CPU
	EndGlobalSection
	GlobalSection(ProjectConfigurationPlatforms) = postSolution
		{CDB8ABC4-EE3C-4C98-9EC4-0CC14ACC9EED}.Debug|Any CPU.ActiveCfg = Debug|Any CPU
		{CDB8ABC4-EE3C-4C98-9EC4-0CC14ACC9EED}.Debug|Any CPU.Build.0 = Debug|Any CPU
		{CDB8ABC4-EE3C-4C98-9EC4-0CC14ACC9EED}.Release|Any CPU.ActiveCfg = Release|Any CPU
		{CDB8ABC4-EE3C-4C98-9EC4-0CC14ACC9EED}.Release|Any CPU.Build.0 = Release|Any CPU
	EndGlobalSection
	GlobalSection(SolutionProperties) = preSolution
		HideSolutionNode = FALSE
	EndGlobalSection
	GlobalSection(ExtensibilityGlobals) = postSolution
		SolutionGuid = {C61C19F6-268A-45AE-93E4-2E91303C11B6}
	EndGlobalSection
EndGlobal
