
Microsoft Visual Studio Solution File, Format Version 12.00
# Visual Studio Version 17
VisualStudioVersion = 17.9.34714.143
MinimumVisualStudioVersion = 10.0.40219.1
Project("{FAE04EC0-301F-11D3-BF4B-00C04F79EFBC}") = "collectionsassignment1", "collectionsassignment1\collectionsassignment1.csproj", "{CD3A4A4E-DE01-4207-92EC-801905E88A4A}"
EndProject
Global
	GlobalSection(SolutionConfigurationPlatforms) = preSolution
		Debug|Any CPU = Debug|Any CPU
		Release|Any CPU = Release|Any CPU
	EndGlobalSection
	GlobalSection(ProjectConfigurationPlatforms) = postSolution
		{CD3A4A4E-DE01-4207-92EC-801905E88A4A}.Debug|Any CPU.ActiveCfg = Debug|Any CPU
		{CD3A4A4E-DE01-4207-92EC-801905E88A4A}.Debug|Any CPU.Build.0 = Debug|Any CPU
		{CD3A4A4E-DE01-4207-92EC-801905E88A4A}.Release|Any CPU.ActiveCfg = Release|Any CPU
		{CD3A4A4E-DE01-4207-92EC-801905E88A4A}.Release|Any CPU.Build.0 = Release|Any CPU
	EndGlobalSection
	GlobalSection(SolutionProperties) = preSolution
		HideSolutionNode = FALSE
	EndGlobalSection
	GlobalSection(ExtensibilityGlobals) = postSolution
		SolutionGuid = {B100514F-1430-4665-8791-A4D1F5121BA5}
	EndGlobalSection
EndGlobal
