
Microsoft Visual Studio Solution File, Format Version 12.00
# Visual Studio Version 17
VisualStudioVersion = 17.9.34714.143
MinimumVisualStudioVersion = 10.0.40219.1
Project("{FAE04EC0-301F-11D3-BF4B-00C04F79EFBC}") = "file_stream", "file_stream\file_stream.csproj", "{09BACA0A-75EA-4B11-BD8E-D37CC65FF3FD}"
EndProject
Global
	GlobalSection(SolutionConfigurationPlatforms) = preSolution
		Debug|Any CPU = Debug|Any CPU
		Release|Any CPU = Release|Any CPU
	EndGlobalSection
	GlobalSection(ProjectConfigurationPlatforms) = postSolution
		{09BACA0A-75EA-4B11-BD8E-D37CC65FF3FD}.Debug|Any CPU.ActiveCfg = Debug|Any CPU
		{09BACA0A-75EA-4B11-BD8E-D37CC65FF3FD}.Debug|Any CPU.Build.0 = Debug|Any CPU
		{09BACA0A-75EA-4B11-BD8E-D37CC65FF3FD}.Release|Any CPU.ActiveCfg = Release|Any CPU
		{09BACA0A-75EA-4B11-BD8E-D37CC65FF3FD}.Release|Any CPU.Build.0 = Release|Any CPU
	EndGlobalSection
	GlobalSection(SolutionProperties) = preSolution
		HideSolutionNode = FALSE
	EndGlobalSection
	GlobalSection(ExtensibilityGlobals) = postSolution
		SolutionGuid = {A520AE9A-D9BA-495B-BFF3-55548815075B}
	EndGlobalSection
EndGlobal
