
Microsoft Visual Studio Solution File, Format Version 12.00
# Visual Studio Version 17
VisualStudioVersion = 17.9.34714.143
MinimumVisualStudioVersion = 10.0.40219.1
Project("{FAE04EC0-301F-11D3-BF4B-00C04F79EFBC}") = "LINQ_assignment", "LINQ_assignment\LINQ_assignment.csproj", "{67BA6748-5B6D-42E3-A94C-615B18CA1B3A}"
EndProject
Global
	GlobalSection(SolutionConfigurationPlatforms) = preSolution
		Debug|Any CPU = Debug|Any CPU
		Release|Any CPU = Release|Any CPU
	EndGlobalSection
	GlobalSection(ProjectConfigurationPlatforms) = postSolution
		{67BA6748-5B6D-42E3-A94C-615B18CA1B3A}.Debug|Any CPU.ActiveCfg = Debug|Any CPU
		{67BA6748-5B6D-42E3-A94C-615B18CA1B3A}.Debug|Any CPU.Build.0 = Debug|Any CPU
		{67BA6748-5B6D-42E3-A94C-615B18CA1B3A}.Release|Any CPU.ActiveCfg = Release|Any CPU
		{67BA6748-5B6D-42E3-A94C-615B18CA1B3A}.Release|Any CPU.Build.0 = Release|Any CPU
	EndGlobalSection
	GlobalSection(SolutionProperties) = preSolution
		HideSolutionNode = FALSE
	EndGlobalSection
	GlobalSection(ExtensibilityGlobals) = postSolution
		SolutionGuid = {19A71912-6005-48AB-BC81-6D48BA6E2A48}
	EndGlobalSection
EndGlobal
