
Microsoft Visual Studio Solution File, Format Version 12.00
# Visual Studio Version 17
VisualStudioVersion = 17.9.34714.143
MinimumVisualStudioVersion = 10.0.40219.1
Project("{FAE04EC0-301F-11D3-BF4B-00C04F79EFBC}") = "xml serialzation", "xml serialzation\xml serialzation.csproj", "{3065A80F-9AD0-4224-AD29-04BC5907CEC5}"
EndProject
Global
	GlobalSection(SolutionConfigurationPlatforms) = preSolution
		Debug|Any CPU = Debug|Any CPU
		Release|Any CPU = Release|Any CPU
	EndGlobalSection
	GlobalSection(ProjectConfigurationPlatforms) = postSolution
		{3065A80F-9AD0-4224-AD29-04BC5907CEC5}.Debug|Any CPU.ActiveCfg = Debug|Any CPU
		{3065A80F-9AD0-4224-AD29-04BC5907CEC5}.Debug|Any CPU.Build.0 = Debug|Any CPU
		{3065A80F-9AD0-4224-AD29-04BC5907CEC5}.Release|Any CPU.ActiveCfg = Release|Any CPU
		{3065A80F-9AD0-4224-AD29-04BC5907CEC5}.Release|Any CPU.Build.0 = Release|Any CPU
	EndGlobalSection
	GlobalSection(SolutionProperties) = preSolution
		HideSolutionNode = FALSE
	EndGlobalSection
	GlobalSection(ExtensibilityGlobals) = postSolution
		SolutionGuid = {5E9047D5-BA65-41FE-9446-7F26C062A9D1}
	EndGlobalSection
EndGlobal
