
Microsoft Visual Studio Solution File, Format Version 12.00
# Visual Studio Version 17
VisualStudioVersion = 17.9.34714.143
MinimumVisualStudioVersion = 10.0.40219.1
Project("{FAE04EC0-301F-11D3-BF4B-00C04F79EFBC}") = "typeconversion", "typeconversion\typeconversion.csproj", "{6FD61515-CB9A-4294-959D-3A3700652E87}"
EndProject
Global
	GlobalSection(SolutionConfigurationPlatforms) = preSolution
		Debug|Any CPU = Debug|Any CPU
		Release|Any CPU = Release|Any CPU
	EndGlobalSection
	GlobalSection(ProjectConfigurationPlatforms) = postSolution
		{6FD61515-CB9A-4294-959D-3A3700652E87}.Debug|Any CPU.ActiveCfg = Debug|Any CPU
		{6FD61515-CB9A-4294-959D-3A3700652E87}.Debug|Any CPU.Build.0 = Debug|Any CPU
		{6FD61515-CB9A-4294-959D-3A3700652E87}.Release|Any CPU.ActiveCfg = Release|Any CPU
		{6FD61515-CB9A-4294-959D-3A3700652E87}.Release|Any CPU.Build.0 = Release|Any CPU
	EndGlobalSection
	GlobalSection(SolutionProperties) = preSolution
		HideSolutionNode = FALSE
	EndGlobalSection
	GlobalSection(ExtensibilityGlobals) = postSolution
		SolutionGuid = {2B0C454F-8F4D-45E2-96F5-AB50454580DE}
	EndGlobalSection
EndGlobal
