
Microsoft Visual Studio Solution File, Format Version 12.00
# Visual Studio Version 17
VisualStudioVersion = 17.9.34714.143
MinimumVisualStudioVersion = 10.0.40219.1
Project("{FAE04EC0-301F-11D3-BF4B-00C04F79EFBC}") = "Arraycar", "Arraycar\Arraycar.csproj", "{CA43550D-3A15-4551-A9E9-DC25BD738381}"
EndProject
Global
	GlobalSection(SolutionConfigurationPlatforms) = preSolution
		Debug|Any CPU = Debug|Any CPU
		Release|Any CPU = Release|Any CPU
	EndGlobalSection
	GlobalSection(ProjectConfigurationPlatforms) = postSolution
		{CA43550D-3A15-4551-A9E9-DC25BD738381}.Debug|Any CPU.ActiveCfg = Debug|Any CPU
		{CA43550D-3A15-4551-A9E9-DC25BD738381}.Debug|Any CPU.Build.0 = Debug|Any CPU
		{CA43550D-3A15-4551-A9E9-DC25BD738381}.Release|Any CPU.ActiveCfg = Release|Any CPU
		{CA43550D-3A15-4551-A9E9-DC25BD738381}.Release|Any CPU.Build.0 = Release|Any CPU
	EndGlobalSection
	GlobalSection(SolutionProperties) = preSolution
		HideSolutionNode = FALSE
	EndGlobalSection
	GlobalSection(ExtensibilityGlobals) = postSolution
		SolutionGuid = {E8228D55-05D8-4077-B793-3C43D81FF4CA}
	EndGlobalSection
EndGlobal
