
Microsoft Visual Studio Solution File, Format Version 12.00
# Visual Studio Version 17
VisualStudioVersion = 17.9.34714.143
MinimumVisualStudioVersion = 10.0.40219.1
Project("{FAE04EC0-301F-11D3-BF4B-00C04F79EFBC}") = "methods2", "methods2\methods2.csproj", "{6368F81C-4223-4E9C-ADBF-282264128F06}"
EndProject
Global
	GlobalSection(SolutionConfigurationPlatforms) = preSolution
		Debug|Any CPU = Debug|Any CPU
		Release|Any CPU = Release|Any CPU
	EndGlobalSection
	GlobalSection(ProjectConfigurationPlatforms) = postSolution
		{6368F81C-4223-4E9C-ADBF-282264128F06}.Debug|Any CPU.ActiveCfg = Debug|Any CPU
		{6368F81C-4223-4E9C-ADBF-282264128F06}.Debug|Any CPU.Build.0 = Debug|Any CPU
		{6368F81C-4223-4E9C-ADBF-282264128F06}.Release|Any CPU.ActiveCfg = Release|Any CPU
		{6368F81C-4223-4E9C-ADBF-282264128F06}.Release|Any CPU.Build.0 = Release|Any CPU
	EndGlobalSection
	GlobalSection(SolutionProperties) = preSolution
		HideSolutionNode = FALSE
	EndGlobalSection
	GlobalSection(ExtensibilityGlobals) = postSolution
		SolutionGuid = {6072C4B4-180B-461F-AE35-8C760B65897A}
	EndGlobalSection
EndGlobal
