
Microsoft Visual Studio Solution File, Format Version 12.00
# Visual Studio Version 17
VisualStudioVersion = 17.9.34714.143
MinimumVisualStudioVersion = 10.0.40219.1
Project("{FAE04EC0-301F-11D3-BF4B-00C04F79EFBC}") = "Threading", "Threading\Threading.csproj", "{661DF9F9-795C-4671-BD23-855727F7C37D}"
EndProject
Global
	GlobalSection(SolutionConfigurationPlatforms) = preSolution
		Debug|Any CPU = Debug|Any CPU
		Release|Any CPU = Release|Any CPU
	EndGlobalSection
	GlobalSection(ProjectConfigurationPlatforms) = postSolution
		{661DF9F9-795C-4671-BD23-855727F7C37D}.Debug|Any CPU.ActiveCfg = Debug|Any CPU
		{661DF9F9-795C-4671-BD23-855727F7C37D}.Debug|Any CPU.Build.0 = Debug|Any CPU
		{661DF9F9-795C-4671-BD23-855727F7C37D}.Release|Any CPU.ActiveCfg = Release|Any CPU
		{661DF9F9-795C-4671-BD23-855727F7C37D}.Release|Any CPU.Build.0 = Release|Any CPU
	EndGlobalSection
	GlobalSection(SolutionProperties) = preSolution
		HideSolutionNode = FALSE
	EndGlobalSection
	GlobalSection(ExtensibilityGlobals) = postSolution
		SolutionGuid = {819656CA-658A-4566-8953-3073B31E3F06}
	EndGlobalSection
EndGlobal
