
Microsoft Visual Studio Solution File, Format Version 12.00
# Visual Studio Version 17
VisualStudioVersion = 17.9.34714.143
MinimumVisualStudioVersion = 10.0.40219.1
Project("{FAE04EC0-301F-11D3-BF4B-00C04F79EFBC}") = "Threading assignment 2", "Threading assignment 2\Threading assignment 2.csproj", "{C6179841-6F7C-4908-82D8-5E596D27DBA7}"
EndProject
Global
	GlobalSection(SolutionConfigurationPlatforms) = preSolution
		Debug|Any CPU = Debug|Any CPU
		Release|Any CPU = Release|Any CPU
	EndGlobalSection
	GlobalSection(ProjectConfigurationPlatforms) = postSolution
		{C6179841-6F7C-4908-82D8-5E596D27DBA7}.Debug|Any CPU.ActiveCfg = Debug|Any CPU
		{C6179841-6F7C-4908-82D8-5E596D27DBA7}.Debug|Any CPU.Build.0 = Debug|Any CPU
		{C6179841-6F7C-4908-82D8-5E596D27DBA7}.Release|Any CPU.ActiveCfg = Release|Any CPU
		{C6179841-6F7C-4908-82D8-5E596D27DBA7}.Release|Any CPU.Build.0 = Release|Any CPU
	EndGlobalSection
	GlobalSection(SolutionProperties) = preSolution
		HideSolutionNode = FALSE
	EndGlobalSection
	GlobalSection(ExtensibilityGlobals) = postSolution
		SolutionGuid = {C6009944-87FF-4BC7-B3C9-02B24A6D2383}
	EndGlobalSection
EndGlobal
